// !$*UTF8*$!
{
	archiveVersion = 1;
	classes = {
	};
	objectVersion = 45;
	objects = {

/* Begin PBXBuildFile section */
		7B2E0E6414D802CA005CF773 /* m_pd.h in Headers */ = {isa = PBXBuildFile; fileRef = 7B2E0E6314D802CA005CF773 /* m_pd.h */; };
		7B442854160208540068C768 /* mage~.cpp in Sources */ = {isa = PBXBuildFile; fileRef = 7B442853160208540068C768 /* mage~.cpp */; };
		7B44286A160208720068C768 /* HTS_audio.c in Sources */ = {isa = PBXBuildFile; fileRef = 7B442859160208720068C768 /* HTS_audio.c */; };
		7B44286B160208720068C768 /* HTS_engine.c in Sources */ = {isa = PBXBuildFile; fileRef = 7B44285A160208720068C768 /* HTS_engine.c */; };
		7B44286C160208720068C768 /* HTS_engine.h in Headers */ = {isa = PBXBuildFile; fileRef = 7B44285B160208720068C768 /* HTS_engine.h */; };
		7B44286D160208730068C768 /* HTS_gstream.c in Sources */ = {isa = PBXBuildFile; fileRef = 7B44285C160208720068C768 /* HTS_gstream.c */; };
		7B44286E160208730068C768 /* HTS_hidden.h in Headers */ = {isa = PBXBuildFile; fileRef = 7B44285D160208720068C768 /* HTS_hidden.h */; };
		7B44286F160208730068C768 /* HTS_label.c in Sources */ = {isa = PBXBuildFile; fileRef = 7B44285E160208720068C768 /* HTS_label.c */; };
		7B442870160208730068C768 /* HTS_misc.c in Sources */ = {isa = PBXBuildFile; fileRef = 7B44285F160208720068C768 /* HTS_misc.c */; };
		7B442871160208730068C768 /* HTS_model.c in Sources */ = {isa = PBXBuildFile; fileRef = 7B442860160208720068C768 /* HTS_model.c */; };
		7B442872160208730068C768 /* HTS_pstream.c in Sources */ = {isa = PBXBuildFile; fileRef = 7B442861160208720068C768 /* HTS_pstream.c */; };
		7B442873160208730068C768 /* HTS_sstream.c in Sources */ = {isa = PBXBuildFile; fileRef = 7B442862160208720068C768 /* HTS_sstream.c */; };
		7B442874160208730068C768 /* HTS_vocoder.c in Sources */ = {isa = PBXBuildFile; fileRef = 7B442863160208720068C768 /* HTS_vocoder.c */; };
		7B442875160208730068C768 /* obOlaBuffer.cpp in Sources */ = {isa = PBXBuildFile; fileRef = 7B442866160208720068C768 /* obOlaBuffer.cpp */; };
		7B442876160208730068C768 /* obOlaBuffer.h in Headers */ = {isa = PBXBuildFile; fileRef = 7B442867160208720068C768 /* obOlaBuffer.h */; };
		7B442877160208730068C768 /* pa_memorybarrier.h in Headers */ = {isa = PBXBuildFile; fileRef = 7B442869160208720068C768 /* pa_memorybarrier.h */; };
		7B4428921602087A0068C768 /* Constants.h in Headers */ = {isa = PBXBuildFile; fileRef = 7B44287A1602087A0068C768 /* Constants.h */; };
		7B4428931602087A0068C768 /* Distribution.h in Headers */ = {isa = PBXBuildFile; fileRef = 7B44287B1602087A0068C768 /* Distribution.h */; };
		7B4428941602087A0068C768 /* Frame.h in Headers */ = {isa = PBXBuildFile; fileRef = 7B44287C1602087A0068C768 /* Frame.h */; };
		7B4428951602087A0068C768 /* FrameQueue.cpp in Sources */ = {isa = PBXBuildFile; fileRef = 7B44287D1602087A0068C768 /* FrameQueue.cpp */; };
		7B4428961602087A0068C768 /* FrameQueue.h in Headers */ = {isa = PBXBuildFile; fileRef = 7B44287E1602087A0068C768 /* FrameQueue.h */; };
		7B4428971602087A0068C768 /* hts.cpp in Sources */ = {isa = PBXBuildFile; fileRef = 7B44287F1602087A0068C768 /* hts.cpp */; };
		7B4428981602087A0068C768 /* hts.h in Headers */ = {isa = PBXBuildFile; fileRef = 7B4428801602087A0068C768 /* hts.h */; };
		7B4428991602087A0068C768 /* Label.cpp in Sources */ = {isa = PBXBuildFile; fileRef = 7B4428811602087A0068C768 /* Label.cpp */; };
		7B44289A1602087A0068C768 /* Label.h in Headers */ = {isa = PBXBuildFile; fileRef = 7B4428821602087A0068C768 /* Label.h */; };
		7B44289B1602087A0068C768 /* LabelQueue.cpp in Sources */ = {isa = PBXBuildFile; fileRef = 7B4428831602087A0068C768 /* LabelQueue.cpp */; };
		7B44289C1602087A0068C768 /* LabelQueue.h in Headers */ = {isa = PBXBuildFile; fileRef = 7B4428841602087A0068C768 /* LabelQueue.h */; };
		7B44289D1602087A0068C768 /* mage.cpp in Sources */ = {isa = PBXBuildFile; fileRef = 7B4428851602087A0068C768 /* mage.cpp */; };
		7B44289E1602087A0068C768 /* mage.h in Headers */ = {isa = PBXBuildFile; fileRef = 7B4428861602087A0068C768 /* mage.h */; };
		7B44289F1602087A0068C768 /* MathFunctions.cpp in Sources */ = {isa = PBXBuildFile; fileRef = 7B4428871602087A0068C768 /* MathFunctions.cpp */; };
		7B4428A01602087A0068C768 /* MathFunctions.h in Headers */ = {isa = PBXBuildFile; fileRef = 7B4428881602087A0068C768 /* MathFunctions.h */; };
		7B4428A11602087A0068C768 /* MemQueue.h in Headers */ = {isa = PBXBuildFile; fileRef = 7B4428891602087A0068C768 /* MemQueue.h */; };
		7B4428A21602087A0068C768 /* Model.cpp in Sources */ = {isa = PBXBuildFile; fileRef = 7B44288A1602087A0068C768 /* Model.cpp */; };
		7B4428A31602087A0068C768 /* Model.h in Headers */ = {isa = PBXBuildFile; fileRef = 7B44288B1602087A0068C768 /* Model.h */; };
		7B4428A41602087A0068C768 /* ModelQueue.cpp in Sources */ = {isa = PBXBuildFile; fileRef = 7B44288C1602087A0068C768 /* ModelQueue.cpp */; };
		7B4428A51602087A0068C768 /* ModelQueue.h in Headers */ = {isa = PBXBuildFile; fileRef = 7B44288D1602087A0068C768 /* ModelQueue.h */; };
		7B4428A61602087A0068C768 /* MSDistribution.h in Headers */ = {isa = PBXBuildFile; fileRef = 7B44288E1602087A0068C768 /* MSDistribution.h */; };
		7B4428A71602087A0068C768 /* State.h in Headers */ = {isa = PBXBuildFile; fileRef = 7B44288F1602087A0068C768 /* State.h */; };
		7B4428A81602087A0068C768 /* Vocoder.cpp in Sources */ = {isa = PBXBuildFile; fileRef = 7B4428901602087A0068C768 /* Vocoder.cpp */; };
		7B4428A91602087A0068C768 /* Vocoder.h in Headers */ = {isa = PBXBuildFile; fileRef = 7B4428911602087A0068C768 /* Vocoder.h */; };
/* End PBXBuildFile section */

/* Begin PBXFileReference section */
		7B2E0E6314D802CA005CF773 /* m_pd.h */ = {isa = PBXFileReference; fileEncoding = 4; lastKnownFileType = sourcecode.c.h; path = m_pd.h; sourceTree = "<group>"; };
		7B2E0ED114D81C00005CF773 /* mage~.pd_darwin */ = {isa = PBXFileReference; explicitFileType = "compiled.mach-o.dylib"; includeInIndex = 0; path = "mage~.pd_darwin"; sourceTree = BUILT_PRODUCTS_DIR; };
		7B442853160208540068C768 /* mage~.cpp */ = {isa = PBXFileReference; fileEncoding = 4; lastKnownFileType = sourcecode.cpp.cpp; name = "mage~.cpp"; path = "../mage~.cpp"; sourceTree = SOURCE_ROOT; };
		7B442856160208720068C768 /* CMakeLists.txt */ = {isa = PBXFileReference; fileEncoding = 4; lastKnownFileType = text; path = CMakeLists.txt; sourceTree = "<group>"; };
		7B442858160208720068C768 /* CMakeLists.txt */ = {isa = PBXFileReference; fileEncoding = 4; lastKnownFileType = text; path = CMakeLists.txt; sourceTree = "<group>"; };
		7B442859160208720068C768 /* HTS_audio.c */ = {isa = PBXFileReference; fileEncoding = 4; lastKnownFileType = sourcecode.c.c; path = HTS_audio.c; sourceTree = "<group>"; };
		7B44285A160208720068C768 /* HTS_engine.c */ = {isa = PBXFileReference; fileEncoding = 4; lastKnownFileType = sourcecode.c.c; path = HTS_engine.c; sourceTree = "<group>"; };
		7B44285B160208720068C768 /* HTS_engine.h */ = {isa = PBXFileReference; fileEncoding = 4; lastKnownFileType = sourcecode.c.h; path = HTS_engine.h; sourceTree = "<group>"; };
		7B44285C160208720068C768 /* HTS_gstream.c */ = {isa = PBXFileReference; fileEncoding = 4; lastKnownFileType = sourcecode.c.c; path = HTS_gstream.c; sourceTree = "<group>"; };
		7B44285D160208720068C768 /* HTS_hidden.h */ = {isa = PBXFileReference; fileEncoding = 4; lastKnownFileType = sourcecode.c.h; path = HTS_hidden.h; sourceTree = "<group>"; };
		7B44285E160208720068C768 /* HTS_label.c */ = {isa = PBXFileReference; fileEncoding = 4; lastKnownFileType = sourcecode.c.c; path = HTS_label.c; sourceTree = "<group>"; };
		7B44285F160208720068C768 /* HTS_misc.c */ = {isa = PBXFileReference; fileEncoding = 4; lastKnownFileType = sourcecode.c.c; path = HTS_misc.c; sourceTree = "<group>"; };
		7B442860160208720068C768 /* HTS_model.c */ = {isa = PBXFileReference; fileEncoding = 4; lastKnownFileType = sourcecode.c.c; path = HTS_model.c; sourceTree = "<group>"; };
		7B442861160208720068C768 /* HTS_pstream.c */ = {isa = PBXFileReference; fileEncoding = 4; lastKnownFileType = sourcecode.c.c; path = HTS_pstream.c; sourceTree = "<group>"; };
		7B442862160208720068C768 /* HTS_sstream.c */ = {isa = PBXFileReference; fileEncoding = 4; lastKnownFileType = sourcecode.c.c; path = HTS_sstream.c; sourceTree = "<group>"; };
		7B442863160208720068C768 /* HTS_vocoder.c */ = {isa = PBXFileReference; fileEncoding = 4; lastKnownFileType = sourcecode.c.c; path = HTS_vocoder.c; sourceTree = "<group>"; };
		7B442865160208720068C768 /* CMakeLists.txt */ = {isa = PBXFileReference; fileEncoding = 4; lastKnownFileType = text; path = CMakeLists.txt; sourceTree = "<group>"; };
		7B442866160208720068C768 /* obOlaBuffer.cpp */ = {isa = PBXFileReference; fileEncoding = 4; lastKnownFileType = sourcecode.cpp.cpp; path = obOlaBuffer.cpp; sourceTree = "<group>"; };
		7B442867160208720068C768 /* obOlaBuffer.h */ = {isa = PBXFileReference; fileEncoding = 4; lastKnownFileType = sourcecode.c.h; path = obOlaBuffer.h; sourceTree = "<group>"; };
		7B442869160208720068C768 /* pa_memorybarrier.h */ = {isa = PBXFileReference; fileEncoding = 4; lastKnownFileType = sourcecode.c.h; path = pa_memorybarrier.h; sourceTree = "<group>"; };
		7B4428791602087A0068C768 /* CMakeLists.txt */ = {isa = PBXFileReference; fileEncoding = 4; lastKnownFileType = text; path = CMakeLists.txt; sourceTree = "<group>"; };
		7B44287A1602087A0068C768 /* Constants.h */ = {isa = PBXFileReference; fileEncoding = 4; lastKnownFileType = sourcecode.c.h; path = Constants.h; sourceTree = "<group>"; };
		7B44287B1602087A0068C768 /* Distribution.h */ = {isa = PBXFileReference; fileEncoding = 4; lastKnownFileType = sourcecode.c.h; path = Distribution.h; sourceTree = "<group>"; };
		7B44287C1602087A0068C768 /* Frame.h */ = {isa = PBXFileReference; fileEncoding = 4; lastKnownFileType = sourcecode.c.h; path = Frame.h; sourceTree = "<group>"; };
		7B44287D1602087A0068C768 /* FrameQueue.cpp */ = {isa = PBXFileReference; fileEncoding = 4; lastKnownFileType = sourcecode.cpp.cpp; path = FrameQueue.cpp; sourceTree = "<group>"; };
		7B44287E1602087A0068C768 /* FrameQueue.h */ = {isa = PBXFileReference; fileEncoding = 4; lastKnownFileType = sourcecode.c.h; path = FrameQueue.h; sourceTree = "<group>"; };
		7B44287F1602087A0068C768 /* hts.cpp */ = {isa = PBXFileReference; fileEncoding = 4; lastKnownFileType = sourcecode.cpp.cpp; path = hts.cpp; sourceTree = "<group>"; };
		7B4428801602087A0068C768 /* hts.h */ = {isa = PBXFileReference; fileEncoding = 4; lastKnownFileType = sourcecode.c.h; path = hts.h; sourceTree = "<group>"; };
		7B4428811602087A0068C768 /* Label.cpp */ = {isa = PBXFileReference; fileEncoding = 4; lastKnownFileType = sourcecode.cpp.cpp; path = Label.cpp; sourceTree = "<group>"; };
		7B4428821602087A0068C768 /* Label.h */ = {isa = PBXFileReference; fileEncoding = 4; lastKnownFileType = sourcecode.c.h; path = Label.h; sourceTree = "<group>"; };
		7B4428831602087A0068C768 /* LabelQueue.cpp */ = {isa = PBXFileReference; fileEncoding = 4; lastKnownFileType = sourcecode.cpp.cpp; path = LabelQueue.cpp; sourceTree = "<group>"; };
		7B4428841602087A0068C768 /* LabelQueue.h */ = {isa = PBXFileReference; fileEncoding = 4; lastKnownFileType = sourcecode.c.h; path = LabelQueue.h; sourceTree = "<group>"; };
		7B4428851602087A0068C768 /* mage.cpp */ = {isa = PBXFileReference; fileEncoding = 4; lastKnownFileType = sourcecode.cpp.cpp; path = mage.cpp; sourceTree = "<group>"; };
		7B4428861602087A0068C768 /* mage.h */ = {isa = PBXFileReference; fileEncoding = 4; lastKnownFileType = sourcecode.c.h; path = mage.h; sourceTree = "<group>"; };
		7B4428871602087A0068C768 /* MathFunctions.cpp */ = {isa = PBXFileReference; fileEncoding = 4; lastKnownFileType = sourcecode.cpp.cpp; path = MathFunctions.cpp; sourceTree = "<group>"; };
		7B4428881602087A0068C768 /* MathFunctions.h */ = {isa = PBXFileReference; fileEncoding = 4; lastKnownFileType = sourcecode.c.h; path = MathFunctions.h; sourceTree = "<group>"; };
		7B4428891602087A0068C768 /* MemQueue.h */ = {isa = PBXFileReference; fileEncoding = 4; lastKnownFileType = sourcecode.c.h; path = MemQueue.h; sourceTree = "<group>"; };
		7B44288A1602087A0068C768 /* Model.cpp */ = {isa = PBXFileReference; fileEncoding = 4; lastKnownFileType = sourcecode.cpp.cpp; path = Model.cpp; sourceTree = "<group>"; };
		7B44288B1602087A0068C768 /* Model.h */ = {isa = PBXFileReference; fileEncoding = 4; lastKnownFileType = sourcecode.c.h; path = Model.h; sourceTree = "<group>"; };
		7B44288C1602087A0068C768 /* ModelQueue.cpp */ = {isa = PBXFileReference; fileEncoding = 4; lastKnownFileType = sourcecode.cpp.cpp; path = ModelQueue.cpp; sourceTree = "<group>"; };
		7B44288D1602087A0068C768 /* ModelQueue.h */ = {isa = PBXFileReference; fileEncoding = 4; lastKnownFileType = sourcecode.c.h; path = ModelQueue.h; sourceTree = "<group>"; };
		7B44288E1602087A0068C768 /* MSDistribution.h */ = {isa = PBXFileReference; fileEncoding = 4; lastKnownFileType = sourcecode.c.h; path = MSDistribution.h; sourceTree = "<group>"; };
		7B44288F1602087A0068C768 /* State.h */ = {isa = PBXFileReference; fileEncoding = 4; lastKnownFileType = sourcecode.c.h; path = State.h; sourceTree = "<group>"; };
		7B4428901602087A0068C768 /* Vocoder.cpp */ = {isa = PBXFileReference; fileEncoding = 4; lastKnownFileType = sourcecode.cpp.cpp; path = Vocoder.cpp; sourceTree = "<group>"; };
		7B4428911602087A0068C768 /* Vocoder.h */ = {isa = PBXFileReference; fileEncoding = 4; lastKnownFileType = sourcecode.c.h; path = Vocoder.h; sourceTree = "<group>"; };
/* End PBXFileReference section */

/* Begin PBXFrameworksBuildPhase section */
		D289988505E68E00004EDB86 /* Frameworks */ = {
			isa = PBXFrameworksBuildPhase;
			buildActionMask = 2147483647;
			files = (
			);
			runOnlyForDeploymentPostprocessing = 0;
		};
/* End PBXFrameworksBuildPhase section */

/* Begin PBXGroup section */
		08FB7794FE84155DC02AAC07 /* pHTS~ */ = {
			isa = PBXGroup;
			children = (
				7B2E0E6314D802CA005CF773 /* m_pd.h */,
				08FB7795FE84155DC02AAC07 /* Source */,
				7B2E0ED214D81C00005CF773 /* Products */,
			);
			name = "pHTS~";
			sourceTree = "<group>";
		};
		08FB7795FE84155DC02AAC07 /* Source */ = {
			isa = PBXGroup;
			children = (
				7B442853160208540068C768 /* mage~.cpp */,
				7B442855160208720068C768 /* libs */,
				7B4428781602087A0068C768 /* src */,
			);
			name = Source;
			sourceTree = "<group>";
		};
		7B2E0ED214D81C00005CF773 /* Products */ = {
			isa = PBXGroup;
			children = (
				7B2E0ED114D81C00005CF773 /* mage~.pd_darwin */,
			);
			name = Products;
			sourceTree = "<group>";
		};
		7B442855160208720068C768 /* libs */ = {
			isa = PBXGroup;
			children = (
				7B442856160208720068C768 /* CMakeLists.txt */,
				7B442857160208720068C768 /* hts_engine-1.06 */,
				7B442864160208720068C768 /* olabox-0.01 */,
				7B442868160208720068C768 /* portaudio-0.19 */,
			);
			name = libs;
			path = ../../libs;
			sourceTree = SOURCE_ROOT;
		};
		7B442857160208720068C768 /* hts_engine-1.06 */ = {
			isa = PBXGroup;
			children = (
				7B442858160208720068C768 /* CMakeLists.txt */,
				7B442859160208720068C768 /* HTS_audio.c */,
				7B44285A160208720068C768 /* HTS_engine.c */,
				7B44285B160208720068C768 /* HTS_engine.h */,
				7B44285C160208720068C768 /* HTS_gstream.c */,
				7B44285D160208720068C768 /* HTS_hidden.h */,
				7B44285E160208720068C768 /* HTS_label.c */,
				7B44285F160208720068C768 /* HTS_misc.c */,
				7B442860160208720068C768 /* HTS_model.c */,
				7B442861160208720068C768 /* HTS_pstream.c */,
				7B442862160208720068C768 /* HTS_sstream.c */,
				7B442863160208720068C768 /* HTS_vocoder.c */,
			);
			path = "hts_engine-1.06";
			sourceTree = "<group>";
		};
		7B442864160208720068C768 /* olabox-0.01 */ = {
			isa = PBXGroup;
			children = (
				7B442865160208720068C768 /* CMakeLists.txt */,
				7B442866160208720068C768 /* obOlaBuffer.cpp */,
				7B442867160208720068C768 /* obOlaBuffer.h */,
			);
			path = "olabox-0.01";
			sourceTree = "<group>";
		};
		7B442868160208720068C768 /* portaudio-0.19 */ = {
			isa = PBXGroup;
			children = (
				7B442869160208720068C768 /* pa_memorybarrier.h */,
			);
			path = "portaudio-0.19";
			sourceTree = "<group>";
		};
		7B4428781602087A0068C768 /* src */ = {
			isa = PBXGroup;
			children = (
				7B4428791602087A0068C768 /* CMakeLists.txt */,
				7B44287A1602087A0068C768 /* Constants.h */,
				7B44287B1602087A0068C768 /* Distribution.h */,
				7B44287C1602087A0068C768 /* Frame.h */,
				7B44287D1602087A0068C768 /* FrameQueue.cpp */,
				7B44287E1602087A0068C768 /* FrameQueue.h */,
				7B44287F1602087A0068C768 /* hts.cpp */,
				7B4428801602087A0068C768 /* hts.h */,
				7B4428811602087A0068C768 /* Label.cpp */,
				7B4428821602087A0068C768 /* Label.h */,
				7B4428831602087A0068C768 /* LabelQueue.cpp */,
				7B4428841602087A0068C768 /* LabelQueue.h */,
				7B4428851602087A0068C768 /* mage.cpp */,
				7B4428861602087A0068C768 /* mage.h */,
				7B4428871602087A0068C768 /* MathFunctions.cpp */,
				7B4428881602087A0068C768 /* MathFunctions.h */,
				7B4428891602087A0068C768 /* MemQueue.h */,
				7B44288A1602087A0068C768 /* Model.cpp */,
				7B44288B1602087A0068C768 /* Model.h */,
				7B44288C1602087A0068C768 /* ModelQueue.cpp */,
				7B44288D1602087A0068C768 /* ModelQueue.h */,
				7B44288E1602087A0068C768 /* MSDistribution.h */,
				7B44288F1602087A0068C768 /* State.h */,
				7B4428901602087A0068C768 /* Vocoder.cpp */,
				7B4428911602087A0068C768 /* Vocoder.h */,
			);
			name = src;
			path = ../../src;
			sourceTree = SOURCE_ROOT;
		};
/* End PBXGroup section */

/* Begin PBXHeadersBuildPhase section */
		D2AAC0600554660B00DB518D /* Headers */ = {
			isa = PBXHeadersBuildPhase;
			buildActionMask = 2147483647;
			files = (
				7B2E0E6414D802CA005CF773 /* m_pd.h in Headers */,
				7B44286C160208720068C768 /* HTS_engine.h in Headers */,
				7B44286E160208730068C768 /* HTS_hidden.h in Headers */,
				7B442876160208730068C768 /* obOlaBuffer.h in Headers */,
				7B442877160208730068C768 /* pa_memorybarrier.h in Headers */,
				7B4428921602087A0068C768 /* Constants.h in Headers */,
				7B4428931602087A0068C768 /* Distribution.h in Headers */,
				7B4428941602087A0068C768 /* Frame.h in Headers */,
				7B4428961602087A0068C768 /* FrameQueue.h in Headers */,
				7B4428981602087A0068C768 /* hts.h in Headers */,
				7B44289A1602087A0068C768 /* Label.h in Headers */,
				7B44289C1602087A0068C768 /* LabelQueue.h in Headers */,
				7B44289E1602087A0068C768 /* mage.h in Headers */,
				7B4428A01602087A0068C768 /* MathFunctions.h in Headers */,
				7B4428A11602087A0068C768 /* MemQueue.h in Headers */,
				7B4428A31602087A0068C768 /* Model.h in Headers */,
				7B4428A51602087A0068C768 /* ModelQueue.h in Headers */,
				7B4428A61602087A0068C768 /* MSDistribution.h in Headers */,
				7B4428A71602087A0068C768 /* State.h in Headers */,
				7B4428A91602087A0068C768 /* Vocoder.h in Headers */,
			);
			runOnlyForDeploymentPostprocessing = 0;
		};
/* End PBXHeadersBuildPhase section */

/* Begin PBXNativeTarget section */
		D2AAC0620554660B00DB518D /* MAGE~ */ = {
			isa = PBXNativeTarget;
			buildConfigurationList = 1DEB914A08733D8E0010E9CD /* Build configuration list for PBXNativeTarget "MAGE~" */;
			buildPhases = (
				D2AAC0600554660B00DB518D /* Headers */,
				D2AAC0610554660B00DB518D /* Sources */,
				D289988505E68E00004EDB86 /* Frameworks */,
			);
			buildRules = (
			);
			dependencies = (
			);
			name = "MAGE~";
			productName = "pHTS~";
			productReference = 7B2E0ED114D81C00005CF773 /* mage~.pd_darwin */;
			productType = "com.apple.product-type.library.dynamic";
		};
/* End PBXNativeTarget section */

/* Begin PBXProject section */
		08FB7793FE84155DC02AAC07 /* Project object */ = {
			isa = PBXProject;
			buildConfigurationList = 1DEB914E08733D8E0010E9CD /* Build configuration list for PBXProject "Mage2.00_pd" */;
			compatibilityVersion = "Xcode 3.1";
			developmentRegion = English;
			hasScannedForEncodings = 1;
			knownRegions = (
				English,
				Japanese,
				French,
				German,
			);
			mainGroup = 08FB7794FE84155DC02AAC07 /* pHTS~ */;
			productRefGroup = 7B2E0ED214D81C00005CF773 /* Products */;
			projectDirPath = "";
			projectRoot = "";
			targets = (
				D2AAC0620554660B00DB518D /* MAGE~ */,
			);
		};
/* End PBXProject section */

/* Begin PBXSourcesBuildPhase section */
		D2AAC0610554660B00DB518D /* Sources */ = {
			isa = PBXSourcesBuildPhase;
			buildActionMask = 2147483647;
			files = (
				7B442854160208540068C768 /* mage~.cpp in Sources */,
				7B44286A160208720068C768 /* HTS_audio.c in Sources */,
				7B44286B160208720068C768 /* HTS_engine.c in Sources */,
				7B44286D160208730068C768 /* HTS_gstream.c in Sources */,
				7B44286F160208730068C768 /* HTS_label.c in Sources */,
				7B442870160208730068C768 /* HTS_misc.c in Sources */,
				7B442871160208730068C768 /* HTS_model.c in Sources */,
				7B442872160208730068C768 /* HTS_pstream.c in Sources */,
				7B442873160208730068C768 /* HTS_sstream.c in Sources */,
				7B442874160208730068C768 /* HTS_vocoder.c in Sources */,
				7B442875160208730068C768 /* obOlaBuffer.cpp in Sources */,
				7B4428951602087A0068C768 /* FrameQueue.cpp in Sources */,
				7B4428971602087A0068C768 /* hts.cpp in Sources */,
				7B4428991602087A0068C768 /* Label.cpp in Sources */,
				7B44289B1602087A0068C768 /* LabelQueue.cpp in Sources */,
				7B44289D1602087A0068C768 /* mage.cpp in Sources */,
				7B44289F1602087A0068C768 /* MathFunctions.cpp in Sources */,
				7B4428A21602087A0068C768 /* Model.cpp in Sources */,
				7B4428A41602087A0068C768 /* ModelQueue.cpp in Sources */,
				7B4428A81602087A0068C768 /* Vocoder.cpp in Sources */,
			);
			runOnlyForDeploymentPostprocessing = 0;
		};
/* End PBXSourcesBuildPhase section */

/* Begin XCBuildConfiguration section */
		1DEB914B08733D8E0010E9CD /* Debug */ = {
			isa = XCBuildConfiguration;
			buildSettings = {
				ALWAYS_SEARCH_USER_PATHS = NO;
				COPY_PHASE_STRIP = NO;
				DEPLOYMENT_LOCATION = YES;
				DSTROOT = /;
				EXECUTABLE_EXTENSION = pd_darwin;
				EXECUTABLE_PREFIX = "";
				GCC_DYNAMIC_NO_PIC = NO;
				GCC_ENABLE_FIX_AND_CONTINUE = YES;
				GCC_MODEL_TUNING = G5;
				GCC_OPTIMIZATION_LEVEL = 0;
				INSTALL_PATH = /Users/Maipn/Documents/myLibs/Pd/;
				LIBRARY_SEARCH_PATHS = (
					"$(inherited)",
					"\"$(SRCROOT)/pHTS_source/HTS_lib\"",
					"\"$(SRCROOT)/libs/HTS\"",
				);
				OTHER_CFLAGS = "";
				OTHER_CODE_SIGN_FLAGS = "";
				OTHER_LDFLAGS = (
					"-undefined",
					dynamic_lookup,
				);
				PRELINK_FLAGS = "";
				PRODUCT_NAME = "mage~";
				SECTORDER_FLAGS = "";
			};
			name = Debug;
		};
		1DEB914C08733D8E0010E9CD /* Release */ = {
			isa = XCBuildConfiguration;
			buildSettings = {
				ALWAYS_SEARCH_USER_PATHS = NO;
				DEBUG_INFORMATION_FORMAT = "dwarf-with-dsym";
				DEPLOYMENT_LOCATION = YES;
				DSTROOT = /;
				EXECUTABLE_EXTENSION = pd_darwin;
				EXECUTABLE_PREFIX = "";
				GCC_MODEL_TUNING = G5;
				INSTALL_PATH = /Users/Maipn/Documents/myLibs/Pd/;
				LIBRARY_SEARCH_PATHS = (
					"$(inherited)",
					"\"$(SRCROOT)/pHTS_source/HTS_lib\"",
					"\"$(SRCROOT)/libs/HTS\"",
				);
				OTHER_CFLAGS = "";
				OTHER_CODE_SIGN_FLAGS = "";
				OTHER_LDFLAGS = (
					"-undefined",
					dynamic_lookup,
				);
				PRELINK_FLAGS = "";
				PRODUCT_NAME = "mage~";
				SECTORDER_FLAGS = "";
			};
			name = Release;
		};
		1DEB914F08733D8E0010E9CD /* Debug */ = {
			isa = XCBuildConfiguration;
			buildSettings = {
				ARCHS = "$(ARCHS_STANDARD_32_64_BIT)";
				GCC_C_LANGUAGE_STANDARD = gnu99;
				GCC_OPTIMIZATION_LEVEL = 0;
				GCC_WARN_ABOUT_RETURN_TYPE = YES;
				GCC_WARN_UNUSED_VARIABLE = YES;
				ONLY_ACTIVE_ARCH = YES;
				PREBINDING = NO;
				SDKROOT = macosx10.6;
			};
			name = Debug;
		};
		1DEB915008733D8E0010E9CD /* Release */ = {
			isa = XCBuildConfiguration;
			buildSettings = {
				ARCHS = "$(ARCHS_STANDARD_32_64_BIT)";
				GCC_C_LANGUAGE_STANDARD = gnu99;
				GCC_WARN_ABOUT_RETURN_TYPE = YES;
				GCC_WARN_UNUSED_VARIABLE = YES;
				PREBINDING = NO;
				SDKROOT = macosx10.6;
			};
			name = Release;
		};
/* End XCBuildConfiguration section */

/* Begin XCConfigurationList section */
		1DEB914A08733D8E0010E9CD /* Build configuration list for PBXNativeTarget "MAGE~" */ = {
			isa = XCConfigurationList;
			buildConfigurations = (
				1DEB914B08733D8E0010E9CD /* Debug */,
				1DEB914C08733D8E0010E9CD /* Release */,
			);
			defaultConfigurationIsVisible = 0;
			defaultConfigurationName = Release;
		};
		1DEB914E08733D8E0010E9CD /* Build configuration list for PBXProject "Mage2.00_pd" */ = {
			isa = XCConfigurationList;
			buildConfigurations = (
				1DEB914F08733D8E0010E9CD /* Debug */,
				1DEB915008733D8E0010E9CD /* Release */,
			);
			defaultConfigurationIsVisible = 0;
			defaultConfigurationName = Release;
		};
/* End XCConfigurationList section */
	};
	rootObject = 08FB7793FE84155DC02AAC07 /* Project object */;
}
